// !$*UTF8*$!
{
	archiveVersion = 1;
	classes = {
	};
	objectVersion = 50;
	objects = {

/* Begin PBXBuildFile section */
		8A9BD98EF299C030F580312C /* Pods_SpacedAutolayout.framework in Frameworks */ = {isa = PBXBuildFile; fileRef = B9B290B316DA93FC35374760 /* Pods_SpacedAutolayout.framework */; };
		C64D27862611AEAC00582FC0 /* AppDelegate.swift in Sources */ = {isa = PBXBuildFile; fileRef = C64D27852611AEAC00582FC0 /* AppDelegate.swift */; };
		C64D27882611AEAC00582FC0 /* SceneDelegate.swift in Sources */ = {isa = PBXBuildFile; fileRef = C64D27872611AEAC00582FC0 /* SceneDelegate.swift */; };
		C64D278A2611AEAC00582FC0 /* PlanetListViewController.swift in Sources */ = {isa = PBXBuildFile; fileRef = C64D27892611AEAC00582FC0 /* PlanetListViewController.swift */; };
		C64D278D2611AEAC00582FC0 /* Main.storyboard in Resources */ = {isa = PBXBuildFile; fileRef = C64D278B2611AEAC00582FC0 /* Main.storyboard */; };
		C64D278F2611AEB100582FC0 /* Assets.xcassets in Resources */ = {isa = PBXBuildFile; fileRef = C64D278E2611AEB100582FC0 /* Assets.xcassets */; };
		C64D27922611AEB100582FC0 /* LaunchScreen.storyboard in Resources */ = {isa = PBXBuildFile; fileRef = C64D27902611AEB100582FC0 /* LaunchScreen.storyboard */; };
		C64D27A42611BBE100582FC0 /* PlanetTableViewCell.swift in Sources */ = {isa = PBXBuildFile; fileRef = C64D27A22611BBE100582FC0 /* PlanetTableViewCell.swift */; };
		C64D27A52611BBE100582FC0 /* PlanetTableViewCell.xib in Resources */ = {isa = PBXBuildFile; fileRef = C64D27A32611BBE100582FC0 /* PlanetTableViewCell.xib */; };
		C64D27AA2611BF7900582FC0 /* Planet.swift in Sources */ = {isa = PBXBuildFile; fileRef = C64D27A92611BF7900582FC0 /* Planet.swift */; };
		C64D27B22612139B00582FC0 /* PlanetDetailViewController.swift in Sources */ = {isa = PBXBuildFile; fileRef = C64D27B12612139B00582FC0 /* PlanetDetailViewController.swift */; };
		C661BFD72614379500737246 /* TestViewController.swift in Sources */ = {isa = PBXBuildFile; fileRef = C661BFD62614379500737246 /* TestViewController.swift */; };
		C66BF6EE2613062A001BEB19 /* Utilities.swift in Sources */ = {isa = PBXBuildFile; fileRef = C66BF6ED2613062A001BEB19 /* Utilities.swift */; };
		C66BF6F1261325DB001BEB19 /* BookingViewController.swift in Sources */ = {isa = PBXBuildFile; fileRef = C66BF6F0261325DB001BEB19 /* BookingViewController.swift */; };
		C66BF6F426133029001BEB19 /* Extentions.swift in Sources */ = {isa = PBXBuildFile; fileRef = C66BF6F326133029001BEB19 /* Extentions.swift */; };
/* End PBXBuildFile section */

/* Begin PBXFileReference section */
		253E533F856EF7E299B4D226 /* Pods-SpacedAutolayout.debug.xcconfig */ = {isa = PBXFileReference; includeInIndex = 1; lastKnownFileType = text.xcconfig; name = "Pods-SpacedAutolayout.debug.xcconfig"; path = "Target Support Files/Pods-SpacedAutolayout/Pods-SpacedAutolayout.debug.xcconfig"; sourceTree = "<group>"; };
		9DD3517B31C700D795D8B0D8 /* Pods-SpacedAutolayout.release.xcconfig */ = {isa = PBXFileReference; includeInIndex = 1; lastKnownFileType = text.xcconfig; name = "Pods-SpacedAutolayout.release.xcconfig"; path = "Target Support Files/Pods-SpacedAutolayout/Pods-SpacedAutolayout.release.xcconfig"; sourceTree = "<group>"; };
		B9B290B316DA93FC35374760 /* Pods_SpacedAutolayout.framework */ = {isa = PBXFileReference; explicitFileType = wrapper.framework; includeInIndex = 0; path = Pods_SpacedAutolayout.framework; sourceTree = BUILT_PRODUCTS_DIR; };
		C64D27822611AEAC00582FC0 /* SpacedAutolayout.app */ = {isa = PBXFileReference; explicitFileType = wrapper.application; includeInIndex = 0; path = SpacedAutolayout.app; sourceTree = BUILT_PRODUCTS_DIR; };
		C64D27852611AEAC00582FC0 /* AppDelegate.swift */ = {isa = PBXFileReference; lastKnownFileType = sourcecode.swift; path = AppDelegate.swift; sourceTree = "<group>"; };
		C64D27872611AEAC00582FC0 /* SceneDelegate.swift */ = {isa = PBXFileReference; lastKnownFileType = sourcecode.swift; path = SceneDelegate.swift; sourceTree = "<group>"; };
		C64D27892611AEAC00582FC0 /* PlanetListViewController.swift */ = {isa = PBXFileReference; lastKnownFileType = sourcecode.swift; path = PlanetListViewController.swift; sourceTree = "<group>"; };
		C64D278C2611AEAC00582FC0 /* Base */ = {isa = PBXFileReference; lastKnownFileType = file.storyboard; name = Base; path = Base.lproj/Main.storyboard; sourceTree = "<group>"; };
		C64D278E2611AEB100582FC0 /* Assets.xcassets */ = {isa = PBXFileReference; lastKnownFileType = folder.assetcatalog; path = Assets.xcassets; sourceTree = "<group>"; };
		C64D27912611AEB100582FC0 /* Base */ = {isa = PBXFileReference; lastKnownFileType = file.storyboard; name = Base; path = Base.lproj/LaunchScreen.storyboard; sourceTree = "<group>"; };
		C64D27932611AEB100582FC0 /* Info.plist */ = {isa = PBXFileReference; lastKnownFileType = text.plist.xml; path = Info.plist; sourceTree = "<group>"; };
		C64D27A22611BBE100582FC0 /* PlanetTableViewCell.swift */ = {isa = PBXFileReference; lastKnownFileType = sourcecode.swift; path = PlanetTableViewCell.swift; sourceTree = "<group>"; };
		C64D27A32611BBE100582FC0 /* PlanetTableViewCell.xib */ = {isa = PBXFileReference; lastKnownFileType = file.xib; path = PlanetTableViewCell.xib; sourceTree = "<group>"; };
		C64D27A92611BF7900582FC0 /* Planet.swift */ = {isa = PBXFileReference; lastKnownFileType = sourcecode.swift; path = Planet.swift; sourceTree = "<group>"; };
		C64D27B12612139B00582FC0 /* PlanetDetailViewController.swift */ = {isa = PBXFileReference; lastKnownFileType = sourcecode.swift; path = PlanetDetailViewController.swift; sourceTree = "<group>"; };
		C661BFD62614379500737246 /* TestViewController.swift */ = {isa = PBXFileReference; lastKnownFileType = sourcecode.swift; path = TestViewController.swift; sourceTree = "<group>"; };
		C66BF6ED2613062A001BEB19 /* Utilities.swift */ = {isa = PBXFileReference; lastKnownFileType = sourcecode.swift; path = Utilities.swift; sourceTree = "<group>"; };
		C66BF6F0261325DB001BEB19 /* BookingViewController.swift */ = {isa = PBXFileReference; lastKnownFileType = sourcecode.swift; path = BookingViewController.swift; sourceTree = "<group>"; };
		C66BF6F326133029001BEB19 /* Extentions.swift */ = {isa = PBXFileReference; lastKnownFileType = sourcecode.swift; path = Extentions.swift; sourceTree = "<group>"; };
/* End PBXFileReference section */

/* Begin PBXFrameworksBuildPhase section */
		C64D277F2611AEAC00582FC0 /* Frameworks */ = {
			isa = PBXFrameworksBuildPhase;
			buildActionMask = 2147483647;
			files = (
				8A9BD98EF299C030F580312C /* Pods_SpacedAutolayout.framework in Frameworks */,
			);
			runOnlyForDeploymentPostprocessing = 0;
		};
/* End PBXFrameworksBuildPhase section */

/* Begin PBXGroup section */
		49DAA7B49C556303A470B56D /* Pods */ = {
			isa = PBXGroup;
			children = (
				253E533F856EF7E299B4D226 /* Pods-SpacedAutolayout.debug.xcconfig */,
				9DD3517B31C700D795D8B0D8 /* Pods-SpacedAutolayout.release.xcconfig */,
			);
			name = Pods;
			path = Pods;
			sourceTree = "<group>";
		};
		C64D27792611AEAC00582FC0 = {
			isa = PBXGroup;
			children = (
				C64D27842611AEAC00582FC0 /* SpacedAutolayout */,
				C64D27832611AEAC00582FC0 /* Products */,
				49DAA7B49C556303A470B56D /* Pods */,
				DD40146D95ADD4608F542A9D /* Frameworks */,
			);
			sourceTree = "<group>";
		};
		C64D27832611AEAC00582FC0 /* Products */ = {
			isa = PBXGroup;
			children = (
				C64D27822611AEAC00582FC0 /* SpacedAutolayout.app */,
			);
			name = Products;
			sourceTree = "<group>";
		};
		C64D27842611AEAC00582FC0 /* SpacedAutolayout */ = {
			isa = PBXGroup;
			children = (
				C66BF6EC2613061A001BEB19 /* Utils */,
				C64D27A82611BF6700582FC0 /* Model */,
				C64D279C2611BB0D00582FC0 /* View */,
				C64D279A2611B05D00582FC0 /* ViewController */,
				C64D27852611AEAC00582FC0 /* AppDelegate.swift */,
				C64D27872611AEAC00582FC0 /* SceneDelegate.swift */,
				C64D278E2611AEB100582FC0 /* Assets.xcassets */,
				C64D27902611AEB100582FC0 /* LaunchScreen.storyboard */,
				C64D27932611AEB100582FC0 /* Info.plist */,
				C64D27A22611BBE100582FC0 /* PlanetTableViewCell.swift */,
			);
			path = SpacedAutolayout;
			sourceTree = "<group>";
		};
		C64D279A2611B05D00582FC0 /* ViewController */ = {
			isa = PBXGroup;
			children = (
				C64D27892611AEAC00582FC0 /* PlanetListViewController.swift */,
				C64D27B12612139B00582FC0 /* PlanetDetailViewController.swift */,
				C66BF6F0261325DB001BEB19 /* BookingViewController.swift */,
				C661BFD62614379500737246 /* TestViewController.swift */,
			);
			path = ViewController;
			sourceTree = "<group>";
		};
		C64D279C2611BB0D00582FC0 /* View */ = {
			isa = PBXGroup;
			children = (
				C64D27A32611BBE100582FC0 /* PlanetTableViewCell.xib */,
				C64D278B2611AEAC00582FC0 /* Main.storyboard */,
			);
			path = View;
			sourceTree = "<group>";
		};
		C64D27A82611BF6700582FC0 /* Model */ = {
			isa = PBXGroup;
			children = (
				C64D27A92611BF7900582FC0 /* Planet.swift */,
			);
			path = Model;
			sourceTree = "<group>";
		};
		C66BF6EC2613061A001BEB19 /* Utils */ = {
			isa = PBXGroup;
			children = (
				C66BF6ED2613062A001BEB19 /* Utilities.swift */,
				C66BF6F326133029001BEB19 /* Extentions.swift */,
			);
			path = Utils;
			sourceTree = "<group>";
		};
		DD40146D95ADD4608F542A9D /* Frameworks */ = {
			isa = PBXGroup;
			children = (
				B9B290B316DA93FC35374760 /* Pods_SpacedAutolayout.framework */,
			);
			name = Frameworks;
			sourceTree = "<group>";
		};
/* End PBXGroup section */

/* Begin PBXNativeTarget section */
		C64D27812611AEAC00582FC0 /* SpacedAutolayout */ = {
			isa = PBXNativeTarget;
			buildConfigurationList = C64D27962611AEB100582FC0 /* Build configuration list for PBXNativeTarget "SpacedAutolayout" */;
			buildPhases = (
				2B46C8AEEC2D8DF844920557 /* [CP] Check Pods Manifest.lock */,
				C64D277E2611AEAC00582FC0 /* Sources */,
				C64D277F2611AEAC00582FC0 /* Frameworks */,
				C64D27802611AEAC00582FC0 /* Resources */,
				3059FFC67BC39F86E4A9B653 /* [CP] Embed Pods Frameworks */,
			);
			buildRules = (
			);
			dependencies = (
			);
			name = SpacedAutolayout;
			productName = SpacedAutolayout;
			productReference = C64D27822611AEAC00582FC0 /* SpacedAutolayout.app */;
			productType = "com.apple.product-type.application";
		};
/* End PBXNativeTarget section */

/* Begin PBXProject section */
		C64D277A2611AEAC00582FC0 /* Project object */ = {
			isa = PBXProject;
			attributes = {
				LastSwiftUpdateCheck = 1200;
				LastUpgradeCheck = 1200;
				TargetAttributes = {
					C64D27812611AEAC00582FC0 = {
						CreatedOnToolsVersion = 12.0;
					};
				};
			};
			buildConfigurationList = C64D277D2611AEAC00582FC0 /* Build configuration list for PBXProject "SpacedAutolayout" */;
			compatibilityVersion = "Xcode 9.3";
			developmentRegion = en;
			hasScannedForEncodings = 0;
			knownRegions = (
				en,
				Base,
			);
			mainGroup = C64D27792611AEAC00582FC0;
			productRefGroup = C64D27832611AEAC00582FC0 /* Products */;
			projectDirPath = "";
			projectRoot = "";
			targets = (
				C64D27812611AEAC00582FC0 /* SpacedAutolayout */,
			);
		};
/* End PBXProject section */

/* Begin PBXResourcesBuildPhase section */
		C64D27802611AEAC00582FC0 /* Resources */ = {
			isa = PBXResourcesBuildPhase;
			buildActionMask = 2147483647;
			files = (
				C64D27922611AEB100582FC0 /* LaunchScreen.storyboard in Resources */,
				C64D278F2611AEB100582FC0 /* Assets.xcassets in Resources */,
				C64D278D2611AEAC00582FC0 /* Main.storyboard in Resources */,
				C64D27A52611BBE100582FC0 /* PlanetTableViewCell.xib in Resources */,
			);
			runOnlyForDeploymentPostprocessing = 0;
		};
/* End PBXResourcesBuildPhase section */

/* Begin PBXShellScriptBuildPhase section */
		2B46C8AEEC2D8DF844920557 /* [CP] Check Pods Manifest.lock */ = {
			isa = PBXShellScriptBuildPhase;
			buildActionMask = 2147483647;
			files = (
			);
			inputFileListPaths = (
			);
			inputPaths = (
				"${PODS_PODFILE_DIR_PATH}/Podfile.lock",
				"${PODS_ROOT}/Manifest.lock",
			);
			name = "[CP] Check Pods Manifest.lock";
			outputFileListPaths = (
			);
			outputPaths = (
				"$(DERIVED_FILE_DIR)/Pods-SpacedAutolayout-checkManifestLockResult.txt",
			);
			runOnlyForDeploymentPostprocessing = 0;
			shellPath = /bin/sh;
			shellScript = "diff \"${PODS_PODFILE_DIR_PATH}/Podfile.lock\" \"${PODS_ROOT}/Manifest.lock\" > /dev/null\nif [ $? != 0 ] ; then\n    # print error to STDERR\n    echo \"error: The sandbox is not in sync with the Podfile.lock. Run 'pod install' or update your CocoaPods installation.\" >&2\n    exit 1\nfi\n# This output is used by Xcode 'outputs' to avoid re-running this script phase.\necho \"SUCCESS\" > \"${SCRIPT_OUTPUT_FILE_0}\"\n";
			showEnvVarsInLog = 0;
		};
		3059FFC67BC39F86E4A9B653 /* [CP] Embed Pods Frameworks */ = {
			isa = PBXShellScriptBuildPhase;
			buildActionMask = 2147483647;
			files = (
			);
			inputFileListPaths = (
				"${PODS_ROOT}/Target Support Files/Pods-SpacedAutolayout/Pods-SpacedAutolayout-frameworks-${CONFIGURATION}-input-files.xcfilelist",
			);
			name = "[CP] Embed Pods Frameworks";
			outputFileListPaths = (
				"${PODS_ROOT}/Target Support Files/Pods-SpacedAutolayout/Pods-SpacedAutolayout-frameworks-${CONFIGURATION}-output-files.xcfilelist",
			);
			runOnlyForDeploymentPostprocessing = 0;
			shellPath = /bin/sh;
			shellScript = "\"${PODS_ROOT}/Target Support Files/Pods-SpacedAutolayout/Pods-SpacedAutolayout-frameworks.sh\"\n";
			showEnvVarsInLog = 0;
		};
/* End PBXShellScriptBuildPhase section */

/* Begin PBXSourcesBuildPhase section */
		C64D277E2611AEAC00582FC0 /* Sources */ = {
			isa = PBXSourcesBuildPhase;
			buildActionMask = 2147483647;
			files = (
				C661BFD72614379500737246 /* TestViewController.swift in Sources */,
				C64D278A2611AEAC00582FC0 /* PlanetListViewController.swift in Sources */,
				C64D27862611AEAC00582FC0 /* AppDelegate.swift in Sources */,
				C66BF6EE2613062A001BEB19 /* Utilities.swift in Sources */,
				C64D27882611AEAC00582FC0 /* SceneDelegate.swift in Sources */,
				C64D27A42611BBE100582FC0 /* PlanetTableViewCell.swift in Sources */,
				C64D27B22612139B00582FC0 /* PlanetDetailViewController.swift in Sources */,
				C66BF6F1261325DB001BEB19 /* BookingViewController.swift in Sources */,
				C64D27AA2611BF7900582FC0 /* Planet.swift in Sources */,
				C66BF6F426133029001BEB19 /* Extentions.swift in Sources */,
			);
			runOnlyForDeploymentPostprocessing = 0;
		};
/* End PBXSourcesBuildPhase section */

/* Begin PBXVariantGroup section */
		C64D278B2611AEAC00582FC0 /* Main.storyboard */ = {
			isa = PBXVariantGroup;
			children = (
				C64D278C2611AEAC00582FC0 /* Base */,
			);
			name = Main.storyboard;
			sourceTree = "<group>";
		};
		C64D27902611AEB100582FC0 /* LaunchScreen.storyboard */ = {
			isa = PBXVariantGroup;
			children = (
				C64D27912611AEB100582FC0 /* Base */,
			);
			name = LaunchScreen.storyboard;
			sourceTree = "<group>";
		};
/* End PBXVariantGroup section */

/* Begin XCBuildConfiguration section */
		C64D27942611AEB100582FC0 /* Debug */ = {
			isa = XCBuildConfiguration;
			buildSettings = {
				ALWAYS_SEARCH_USER_PATHS = NO;
				CLANG_ANALYZER_NONNULL = YES;
				CLANG_ANALYZER_NUMBER_OBJECT_CONVERSION = YES_AGGRESSIVE;
				CLANG_CXX_LANGUAGE_STANDARD = "gnu++14";
				CLANG_CXX_LIBRARY = "libc++";
				CLANG_ENABLE_MODULES = YES;
				CLANG_ENABLE_OBJC_ARC = YES;
				CLANG_ENABLE_OBJC_WEAK = YES;
				CLANG_WARN_BLOCK_CAPTURE_AUTORELEASING = YES;
				CLANG_WARN_BOOL_CONVERSION = YES;
				CLANG_WARN_COMMA = YES;
				CLANG_WARN_CONSTANT_CONVERSION = YES;
				CLANG_WARN_DEPRECATED_OBJC_IMPLEMENTATIONS = YES;
				CLANG_WARN_DIRECT_OBJC_ISA_USAGE = YES_ERROR;
				CLANG_WARN_DOCUMENTATION_COMMENTS = YES;
				CLANG_WARN_EMPTY_BODY = YES;
				CLANG_WARN_ENUM_CONVERSION = YES;
				CLANG_WARN_INFINITE_RECURSION = YES;
				CLANG_WARN_INT_CONVERSION = YES;
				CLANG_WARN_NON_LITERAL_NULL_CONVERSION = YES;
				CLANG_WARN_OBJC_IMPLICIT_RETAIN_SELF = YES;
				CLANG_WARN_OBJC_LITERAL_CONVERSION = YES;
				CLANG_WARN_OBJC_ROOT_CLASS = YES_ERROR;
				CLANG_WARN_QUOTED_INCLUDE_IN_FRAMEWORK_HEADER = YES;
				CLANG_WARN_RANGE_LOOP_ANALYSIS = YES;
				CLANG_WARN_STRICT_PROTOTYPES = YES;
				CLANG_WARN_SUSPICIOUS_MOVE = YES;
				CLANG_WARN_UNGUARDED_AVAILABILITY = YES_AGGRESSIVE;
				CLANG_WARN_UNREACHABLE_CODE = YES;
				CLANG_WARN__DUPLICATE_METHOD_MATCH = YES;
				COPY_PHASE_STRIP = NO;
				DEBUG_INFORMATION_FORMAT = dwarf;
				ENABLE_STRICT_OBJC_MSGSEND = YES;
				ENABLE_TESTABILITY = YES;
				GCC_C_LANGUAGE_STANDARD = gnu11;
				GCC_DYNAMIC_NO_PIC = NO;
				GCC_NO_COMMON_BLOCKS = YES;
				GCC_OPTIMIZATION_LEVEL = 0;
				GCC_PREPROCESSOR_DEFINITIONS = (
					"DEBUG=1",
					"$(inherited)",
				);
				GCC_WARN_64_TO_32_BIT_CONVERSION = YES;
				GCC_WARN_ABOUT_RETURN_TYPE = YES_ERROR;
				GCC_WARN_UNDECLARED_SELECTOR = YES;
				GCC_WARN_UNINITIALIZED_AUTOS = YES_AGGRESSIVE;
				GCC_WARN_UNUSED_FUNCTION = YES;
				GCC_WARN_UNUSED_VARIABLE = YES;
				IPHONEOS_DEPLOYMENT_TARGET = 14.0;
				MTL_ENABLE_DEBUG_INFO = INCLUDE_SOURCE;
				MTL_FAST_MATH = YES;
				ONLY_ACTIVE_ARCH = YES;
				SDKROOT = iphoneos;
				SWIFT_ACTIVE_COMPILATION_CONDITIONS = DEBUG;
				SWIFT_OPTIMIZATION_LEVEL = "-Onone";
			};
			name = Debug;
		};
		C64D27952611AEB100582FC0 /* Release */ = {
			isa = XCBuildConfiguration;
			buildSettings = {
				ALWAYS_SEARCH_USER_PATHS = NO;
				CLANG_ANALYZER_NONNULL = YES;
				CLANG_ANALYZER_NUMBER_OBJECT_CONVERSION = YES_AGGRESSIVE;
				CLANG_CXX_LANGUAGE_STANDARD = "gnu++14";
				CLANG_CXX_LIBRARY = "libc++";
				CLANG_ENABLE_MODULES = YES;
				CLANG_ENABLE_OBJC_ARC = YES;
				CLANG_ENABLE_OBJC_WEAK = YES;
				CLANG_WARN_BLOCK_CAPTURE_AUTORELEASING = YES;
				CLANG_WARN_BOOL_CONVERSION = YES;
				CLANG_WARN_COMMA = YES;
				CLANG_WARN_CONSTANT_CONVERSION = YES;
				CLANG_WARN_DEPRECATED_OBJC_IMPLEMENTATIONS = YES;
				CLANG_WARN_DIRECT_OBJC_ISA_USAGE = YES_ERROR;
				CLANG_WARN_DOCUMENTATION_COMMENTS = YES;
				CLANG_WARN_EMPTY_BODY = YES;
				CLANG_WARN_ENUM_CONVERSION = YES;
				CLANG_WARN_INFINITE_RECURSION = YES;
				CLANG_WARN_INT_CONVERSION = YES;
				CLANG_WARN_NON_LITERAL_NULL_CONVERSION = YES;
				CLANG_WARN_OBJC_IMPLICIT_RETAIN_SELF = YES;
				CLANG_WARN_OBJC_LITERAL_CONVERSION = YES;
				CLANG_WARN_OBJC_ROOT_CLASS = YES_ERROR;
				CLANG_WARN_QUOTED_INCLUDE_IN_FRAMEWORK_HEADER = YES;
				CLANG_WARN_RANGE_LOOP_ANALYSIS = YES;
				CLANG_WARN_STRICT_PROTOTYPES = YES;
				CLANG_WARN_SUSPICIOUS_MOVE = YES;
				CLANG_WARN_UNGUARDED_AVAILABILITY = YES_AGGRESSIVE;
				CLANG_WARN_UNREACHABLE_CODE = YES;
				CLANG_WARN__DUPLICATE_METHOD_MATCH = YES;
				COPY_PHASE_STRIP = NO;
				DEBUG_INFORMATION_FORMAT = "dwarf-with-dsym";
				ENABLE_NS_ASSERTIONS = NO;
				ENABLE_STRICT_OBJC_MSGSEND = YES;
				GCC_C_LANGUAGE_STANDARD = gnu11;
				GCC_NO_COMMON_BLOCKS = YES;
				GCC_WARN_64_TO_32_BIT_CONVERSION = YES;
				GCC_WARN_ABOUT_RETURN_TYPE = YES_ERROR;
				GCC_WARN_UNDECLARED_SELECTOR = YES;
				GCC_WARN_UNINITIALIZED_AUTOS = YES_AGGRESSIVE;
				GCC_WARN_UNUSED_FUNCTION = YES;
				GCC_WARN_UNUSED_VARIABLE = YES;
				IPHONEOS_DEPLOYMENT_TARGET = 14.0;
				MTL_ENABLE_DEBUG_INFO = NO;
				MTL_FAST_MATH = YES;
				SDKROOT = iphoneos;
				SWIFT_COMPILATION_MODE = wholemodule;
				SWIFT_OPTIMIZATION_LEVEL = "-O";
				VALIDATE_PRODUCT = YES;
			};
			name = Release;
		};
		C64D27972611AEB100582FC0 /* Debug */ = {
			isa = XCBuildConfiguration;
			baseConfigurationReference = 253E533F856EF7E299B4D226 /* Pods-SpacedAutolayout.debug.xcconfig */;
			buildSettings = {
				ASSETCATALOG_COMPILER_APPICON_NAME = AppIcon;
				ASSETCATALOG_COMPILER_GLOBAL_ACCENT_COLOR_NAME = AccentColor;
				CODE_SIGN_STYLE = Automatic;
				INFOPLIST_FILE = SpacedAutolayout/Info.plist;
				LD_RUNPATH_SEARCH_PATHS = (
					"$(inherited)",
					"@executable_path/Frameworks",
				);
				PRODUCT_BUNDLE_IDENTIFIER = testProject.SpacedAutolayout;
				PRODUCT_NAME = "$(TARGET_NAME)";
				SWIFT_VERSION = 5.0;
				TARGETED_DEVICE_FAMILY = "1,2";
			};
			name = Debug;
		};
		C64D27982611AEB100582FC0 /* Release */ = {
			isa = XCBuildConfiguration;
			baseConfigurationReference = 9DD3517B31C700D795D8B0D8 /* Pods-SpacedAutolayout.release.xcconfig */;
			buildSettings = {
				ASSETCATALOG_COMPILER_APPICON_NAME = AppIcon;
				ASSETCATALOG_COMPILER_GLOBAL_ACCENT_COLOR_NAME = AccentColor;
				CODE_SIGN_STYLE = Automatic;
				INFOPLIST_FILE = SpacedAutolayout/Info.plist;
				LD_RUNPATH_SEARCH_PATHS = (
					"$(inherited)",
					"@executable_path/Frameworks",
				);
				PRODUCT_BUNDLE_IDENTIFIER = testProject.SpacedAutolayout;
				PRODUCT_NAME = "$(TARGET_NAME)";
				SWIFT_VERSION = 5.0;
				TARGETED_DEVICE_FAMILY = "1,2";
			};
			name = Release;
		};
/* End XCBuildConfiguration section */

/* Begin XCConfigurationList section */
		C64D277D2611AEAC00582FC0 /* Build configuration list for PBXProject "SpacedAutolayout" */ = {
			isa = XCConfigurationList;
			buildConfigurations = (
				C64D27942611AEB100582FC0 /* Debug */,
				C64D27952611AEB100582FC0 /* Release */,
			);
			defaultConfigurationIsVisible = 0;
			defaultConfigurationName = Release;
		};
		C64D27962611AEB100582FC0 /* Build configuration list for PBXNativeTarget "SpacedAutolayout" */ = {
			isa = XCConfigurationList;
			buildConfigurations = (
				C64D27972611AEB100582FC0 /* Debug */,
				C64D27982611AEB100582FC0 /* Release */,
			);
			defaultConfigurationIsVisible = 0;
			defaultConfigurationName = Release;
		};
/* End XCConfigurationList section */
	};
	rootObject = C64D277A2611AEAC00582FC0 /* Project object */;
}
